
Microsoft Visual Studio Solution File, Format Version 12.00
# Visual Studio Version 16
VisualStudioVersion = 25.0.1706.1
MinimumVisualStudioVersion = 10.0.40219.1
Project("{FAE04EC0-301F-11D3-BF4B-00C04F79EFBC}") = "TechBodia", "TechBodia\TechBodia.csproj", "{9055355B-E355-4AF7-97C9-7E1D7C55886F}"
EndProject
Global
	GlobalSection(SolutionConfigurationPlatforms) = preSolution
		Debug|Any CPU = Debug|Any CPU
		Release|Any CPU = Release|Any CPU
	EndGlobalSection
	GlobalSection(ProjectConfigurationPlatforms) = postSolution
		{9055355B-E355-4AF7-97C9-7E1D7C55886F}.Debug|Any CPU.ActiveCfg = Debug|Any CPU
		{9055355B-E355-4AF7-97C9-7E1D7C55886F}.Debug|Any CPU.Build.0 = Debug|Any CPU
		{9055355B-E355-4AF7-97C9-7E1D7C55886F}.Release|Any CPU.ActiveCfg = Release|Any CPU
		{9055355B-E355-4AF7-97C9-7E1D7C55886F}.Release|Any CPU.Build.0 = Release|Any CPU
	EndGlobalSection
	GlobalSection(SolutionProperties) = preSolution
		HideSolutionNode = FALSE
	EndGlobalSection
	GlobalSection(ExtensibilityGlobals) = postSolution
		SolutionGuid = {E6CFE3D6-D863-4A8D-BCF7-1BEB41BCEA59}
	EndGlobalSection
EndGlobal
